
Microsoft Visual Studio Solution File, Format Version 12.00
# Visual Studio Version 17
VisualStudioVersion = 17.14.37111.16 d17.14
MinimumVisualStudioVersion = 10.0.40219.1
Project("{FAE04EC0-301F-11D3-BF4B-00C04F79EFBC}") = "C#Works", "C#Works\C#Works.csproj", "{C8FD7378-BFDC-41AB-8067-8814AE6D1170}"
EndProject
Global
	GlobalSection(SolutionConfigurationPlatforms) = preSolution
		Debug|Any CPU = Debug|Any CPU
		Release|Any CPU = Release|Any CPU
	EndGlobalSection
	GlobalSection(ProjectConfigurationPlatforms) = postSolution
		{C8FD7378-BFDC-41AB-8067-8814AE6D1170}.Debug|Any CPU.ActiveCfg = Debug|Any CPU
		{C8FD7378-BFDC-41AB-8067-8814AE6D1170}.Debug|Any CPU.Build.0 = Debug|Any CPU
		{C8FD7378-BFDC-41AB-8067-8814AE6D1170}.Release|Any CPU.ActiveCfg = Release|Any CPU
		{C8FD7378-BFDC-41AB-8067-8814AE6D1170}.Release|Any CPU.Build.0 = Release|Any CPU
	EndGlobalSection
	GlobalSection(SolutionProperties) = preSolution
		HideSolutionNode = FALSE
	EndGlobalSection
	GlobalSection(ExtensibilityGlobals) = postSolution
		SolutionGuid = {A3DE2EBF-09DA-4ECA-97A8-65714A8FA526}
	EndGlobalSection
EndGlobal
