
Microsoft Visual Studio Solution File, Format Version 12.00
# Visual Studio Version 17
VisualStudioVersion = 17.14.37111.16 d17.14
MinimumVisualStudioVersion = 10.0.40219.1
Project("{FAE04EC0-301F-11D3-BF4B-00C04F79EFBC}") = "Lab", "Lab\Lab.csproj", "{9F870949-EC36-41FD-92E7-0F0DBF693459}"
EndProject
Global
	GlobalSection(SolutionConfigurationPlatforms) = preSolution
		Debug|Any CPU = Debug|Any CPU
		Release|Any CPU = Release|Any CPU
	EndGlobalSection
	GlobalSection(ProjectConfigurationPlatforms) = postSolution
		{9F870949-EC36-41FD-92E7-0F0DBF693459}.Debug|Any CPU.ActiveCfg = Debug|Any CPU
		{9F870949-EC36-41FD-92E7-0F0DBF693459}.Debug|Any CPU.Build.0 = Debug|Any CPU
		{9F870949-EC36-41FD-92E7-0F0DBF693459}.Release|Any CPU.ActiveCfg = Release|Any CPU
		{9F870949-EC36-41FD-92E7-0F0DBF693459}.Release|Any CPU.Build.0 = Release|Any CPU
	EndGlobalSection
	GlobalSection(SolutionProperties) = preSolution
		HideSolutionNode = FALSE
	EndGlobalSection
	GlobalSection(ExtensibilityGlobals) = postSolution
		SolutionGuid = {4923599D-CCC3-4752-BBD1-CC733E114F65}
	EndGlobalSection
EndGlobal
